
Microsoft Visual Studio Solution File, Format Version 12.00
# Visual Studio Version 16
VisualStudioVersion = 16.0.31005.135
MinimumVisualStudioVersion = 10.0.40219.1
Project("{FAE04EC0-301F-11D3-BF4B-00C04F79EFBC}") = "Parcial1_RaynerJimmyTapiaCaballero", "Parcial1_RaynerJimmyTapiaCaballero\Parcial1_RaynerJimmyTapiaCaballero.csproj", "{61E35296-4E77-40CD-8852-B3CF425E3537}"
EndProject
Global
	GlobalSection(SolutionConfigurationPlatforms) = preSolution
		Debug|Any CPU = Debug|Any CPU
		Release|Any CPU = Release|Any CPU
	EndGlobalSection
	GlobalSection(ProjectConfigurationPlatforms) = postSolution
		{61E35296-4E77-40CD-8852-B3CF425E3537}.Debug|Any CPU.ActiveCfg = Debug|Any CPU
		{61E35296-4E77-40CD-8852-B3CF425E3537}.Debug|Any CPU.Build.0 = Debug|Any CPU
		{61E35296-4E77-40CD-8852-B3CF425E3537}.Release|Any CPU.ActiveCfg = Release|Any CPU
		{61E35296-4E77-40CD-8852-B3CF425E3537}.Release|Any CPU.Build.0 = Release|Any CPU
	EndGlobalSection
	GlobalSection(SolutionProperties) = preSolution
		HideSolutionNode = FALSE
	EndGlobalSection
	GlobalSection(ExtensibilityGlobals) = postSolution
		SolutionGuid = {CABEEB6C-76AE-4B16-A946-7C9EDF2D723B}
	EndGlobalSection
EndGlobal
